
Microsoft Visual Studio Solution File, Format Version 12.00
# Visual Studio Version 17
VisualStudioVersion = 17.5.002.0
MinimumVisualStudioVersion = 10.0.40219.1
Project("{9A19103F-16F7-4668-BE54-9A1E7A4F7556}") = "day-nineteen", "day-nineteen.csproj", "{BFA18962-E048-4436-B812-1BA248C0F2A0}"
EndProject
Global
	GlobalSection(SolutionConfigurationPlatforms) = preSolution
		Debug|Any CPU = Debug|Any CPU
		Release|Any CPU = Release|Any CPU
	EndGlobalSection
	GlobalSection(ProjectConfigurationPlatforms) = postSolution
		{BFA18962-E048-4436-B812-1BA248C0F2A0}.Debug|Any CPU.ActiveCfg = Debug|Any CPU
		{BFA18962-E048-4436-B812-1BA248C0F2A0}.Debug|Any CPU.Build.0 = Debug|Any CPU
		{BFA18962-E048-4436-B812-1BA248C0F2A0}.Release|Any CPU.ActiveCfg = Release|Any CPU
		{BFA18962-E048-4436-B812-1BA248C0F2A0}.Release|Any CPU.Build.0 = Release|Any CPU
	EndGlobalSection
	GlobalSection(SolutionProperties) = preSolution
		HideSolutionNode = FALSE
	EndGlobalSection
	GlobalSection(ExtensibilityGlobals) = postSolution
		SolutionGuid = {1EEC8280-198A-42CD-8501-9FEED63407B6}
	EndGlobalSection
EndGlobal
