
Microsoft Visual Studio Solution File, Format Version 12.00
# Visual Studio Version 17
VisualStudioVersion = 17.5.002.0
MinimumVisualStudioVersion = 10.0.40219.1
Project("{9A19103F-16F7-4668-BE54-9A1E7A4F7556}") = "day-twenty-four", "day-twenty-four.csproj", "{B4685463-C930-416C-99DF-FDB558377D65}"
EndProject
Global
	GlobalSection(SolutionConfigurationPlatforms) = preSolution
		Debug|Any CPU = Debug|Any CPU
		Release|Any CPU = Release|Any CPU
	EndGlobalSection
	GlobalSection(ProjectConfigurationPlatforms) = postSolution
		{B4685463-C930-416C-99DF-FDB558377D65}.Debug|Any CPU.ActiveCfg = Debug|Any CPU
		{B4685463-C930-416C-99DF-FDB558377D65}.Debug|Any CPU.Build.0 = Debug|Any CPU
		{B4685463-C930-416C-99DF-FDB558377D65}.Release|Any CPU.ActiveCfg = Release|Any CPU
		{B4685463-C930-416C-99DF-FDB558377D65}.Release|Any CPU.Build.0 = Release|Any CPU
	EndGlobalSection
	GlobalSection(SolutionProperties) = preSolution
		HideSolutionNode = FALSE
	EndGlobalSection
	GlobalSection(ExtensibilityGlobals) = postSolution
		SolutionGuid = {16000D4B-0191-416D-BB9B-3B78E333E31B}
	EndGlobalSection
EndGlobal
