
Microsoft Visual Studio Solution File, Format Version 12.00
# Visual Studio Version 17
VisualStudioVersion = 17.5.002.0
MinimumVisualStudioVersion = 10.0.40219.1
Project("{9A19103F-16F7-4668-BE54-9A1E7A4F7556}") = "day-twenty-one", "day-twenty-one.csproj", "{EE161D0F-7AA2-48E4-8796-9FE38F6067E2}"
EndProject
Global
	GlobalSection(SolutionConfigurationPlatforms) = preSolution
		Debug|Any CPU = Debug|Any CPU
		Release|Any CPU = Release|Any CPU
	EndGlobalSection
	GlobalSection(ProjectConfigurationPlatforms) = postSolution
		{EE161D0F-7AA2-48E4-8796-9FE38F6067E2}.Debug|Any CPU.ActiveCfg = Debug|Any CPU
		{EE161D0F-7AA2-48E4-8796-9FE38F6067E2}.Debug|Any CPU.Build.0 = Debug|Any CPU
		{EE161D0F-7AA2-48E4-8796-9FE38F6067E2}.Release|Any CPU.ActiveCfg = Release|Any CPU
		{EE161D0F-7AA2-48E4-8796-9FE38F6067E2}.Release|Any CPU.Build.0 = Release|Any CPU
	EndGlobalSection
	GlobalSection(SolutionProperties) = preSolution
		HideSolutionNode = FALSE
	EndGlobalSection
	GlobalSection(ExtensibilityGlobals) = postSolution
		SolutionGuid = {DAD07A96-6357-4737-A94A-8A175F16960C}
	EndGlobalSection
EndGlobal
